
Microsoft Visual Studio Solution File, Format Version 12.00
# Visual Studio 15
VisualStudioVersion = 15.0.27130.2010
MinimumVisualStudioVersion = 10.0.40219.1
Project("{FAE04EC0-301F-11D3-BF4B-00C04F79EFBC}") = "WebApplication1", "WebApplication1\WebApplication1.csproj", "{3CDEBFED-83AA-450B-89D3-0E0C4ECA6BCA}"
EndProject
Global
	GlobalSection(SolutionConfigurationPlatforms) = preSolution
		Debug|Any CPU = Debug|Any CPU
		Release|Any CPU = Release|Any CPU
	EndGlobalSection
	GlobalSection(ProjectConfigurationPlatforms) = postSolution
		{3CDEBFED-83AA-450B-89D3-0E0C4ECA6BCA}.Debug|Any CPU.ActiveCfg = Debug|Any CPU
		{3CDEBFED-83AA-450B-89D3-0E0C4ECA6BCA}.Debug|Any CPU.Build.0 = Debug|Any CPU
		{3CDEBFED-83AA-450B-89D3-0E0C4ECA6BCA}.Release|Any CPU.ActiveCfg = Release|Any CPU
		{3CDEBFED-83AA-450B-89D3-0E0C4ECA6BCA}.Release|Any CPU.Build.0 = Release|Any CPU
	EndGlobalSection
	GlobalSection(SolutionProperties) = preSolution
		HideSolutionNode = FALSE
	EndGlobalSection
	GlobalSection(ExtensibilityGlobals) = postSolution
		SolutionGuid = {0E5455BB-3DF9-4241-BAFC-B23B80F7850C}
	EndGlobalSection
EndGlobal
